
Microsoft Visual Studio Solution File, Format Version 12.00
# Visual Studio Version 17
VisualStudioVersion = 17.5.2.0
MinimumVisualStudioVersion = 10.0.40219.1
Project("{FAE04EC0-301F-11D3-BF4B-00C04F79EFBC}") = "BasicProblems", "BasicProblems\BasicProblems.csproj", "{E9F02ABC-54DA-44A8-21E7-CABBC9B69729}"
EndProject
Project("{FAE04EC0-301F-11D3-BF4B-00C04F79EFBC}") = "BasicProblem", "BasicProblem\BasicProblem.csproj", "{EB3E3500-D7B8-4877-9BBD-B779EB7C9937}"
EndProject
Project("{FAE04EC0-301F-11D3-BF4B-00C04F79EFBC}") = "PracticeProblem02", "PracticeProblem02\PracticeProblem02.csproj", "{09208976-076C-41A5-8738-6424D55995C2}"
EndProject
Global
	GlobalSection(SolutionConfigurationPlatforms) = preSolution
		Debug|Any CPU = Debug|Any CPU
		Debug|x64 = Debug|x64
		Debug|x86 = Debug|x86
		Release|Any CPU = Release|Any CPU
		Release|x64 = Release|x64
		Release|x86 = Release|x86
	EndGlobalSection
	GlobalSection(ProjectConfigurationPlatforms) = postSolution
		{E9F02ABC-54DA-44A8-21E7-CABBC9B69729}.Debug|Any CPU.ActiveCfg = Debug|Any CPU
		{E9F02ABC-54DA-44A8-21E7-CABBC9B69729}.Debug|Any CPU.Build.0 = Debug|Any CPU
		{E9F02ABC-54DA-44A8-21E7-CABBC9B69729}.Debug|x64.ActiveCfg = Debug|Any CPU
		{E9F02ABC-54DA-44A8-21E7-CABBC9B69729}.Debug|x64.Build.0 = Debug|Any CPU
		{E9F02ABC-54DA-44A8-21E7-CABBC9B69729}.Debug|x86.ActiveCfg = Debug|Any CPU
		{E9F02ABC-54DA-44A8-21E7-CABBC9B69729}.Debug|x86.Build.0 = Debug|Any CPU
		{E9F02ABC-54DA-44A8-21E7-CABBC9B69729}.Release|Any CPU.ActiveCfg = Release|Any CPU
		{E9F02ABC-54DA-44A8-21E7-CABBC9B69729}.Release|Any CPU.Build.0 = Release|Any CPU
		{E9F02ABC-54DA-44A8-21E7-CABBC9B69729}.Release|x64.ActiveCfg = Release|Any CPU
		{E9F02ABC-54DA-44A8-21E7-CABBC9B69729}.Release|x64.Build.0 = Release|Any CPU
		{E9F02ABC-54DA-44A8-21E7-CABBC9B69729}.Release|x86.ActiveCfg = Release|Any CPU
		{E9F02ABC-54DA-44A8-21E7-CABBC9B69729}.Release|x86.Build.0 = Release|Any CPU
		{EB3E3500-D7B8-4877-9BBD-B779EB7C9937}.Debug|Any CPU.ActiveCfg = Debug|Any CPU
		{EB3E3500-D7B8-4877-9BBD-B779EB7C9937}.Debug|Any CPU.Build.0 = Debug|Any CPU
		{EB3E3500-D7B8-4877-9BBD-B779EB7C9937}.Debug|x64.ActiveCfg = Debug|Any CPU
		{EB3E3500-D7B8-4877-9BBD-B779EB7C9937}.Debug|x64.Build.0 = Debug|Any CPU
		{EB3E3500-D7B8-4877-9BBD-B779EB7C9937}.Debug|x86.ActiveCfg = Debug|Any CPU
		{EB3E3500-D7B8-4877-9BBD-B779EB7C9937}.Debug|x86.Build.0 = Debug|Any CPU
		{EB3E3500-D7B8-4877-9BBD-B779EB7C9937}.Release|Any CPU.ActiveCfg = Release|Any CPU
		{EB3E3500-D7B8-4877-9BBD-B779EB7C9937}.Release|Any CPU.Build.0 = Release|Any CPU
		{EB3E3500-D7B8-4877-9BBD-B779EB7C9937}.Release|x64.ActiveCfg = Release|Any CPU
		{EB3E3500-D7B8-4877-9BBD-B779EB7C9937}.Release|x64.Build.0 = Release|Any CPU
		{EB3E3500-D7B8-4877-9BBD-B779EB7C9937}.Release|x86.ActiveCfg = Release|Any CPU
		{EB3E3500-D7B8-4877-9BBD-B779EB7C9937}.Release|x86.Build.0 = Release|Any CPU
		{09208976-076C-41A5-8738-6424D55995C2}.Debug|Any CPU.ActiveCfg = Debug|Any CPU
		{09208976-076C-41A5-8738-6424D55995C2}.Debug|Any CPU.Build.0 = Debug|Any CPU
		{09208976-076C-41A5-8738-6424D55995C2}.Debug|x64.ActiveCfg = Debug|Any CPU
		{09208976-076C-41A5-8738-6424D55995C2}.Debug|x64.Build.0 = Debug|Any CPU
		{09208976-076C-41A5-8738-6424D55995C2}.Debug|x86.ActiveCfg = Debug|Any CPU
		{09208976-076C-41A5-8738-6424D55995C2}.Debug|x86.Build.0 = Debug|Any CPU
		{09208976-076C-41A5-8738-6424D55995C2}.Release|Any CPU.ActiveCfg = Release|Any CPU
		{09208976-076C-41A5-8738-6424D55995C2}.Release|Any CPU.Build.0 = Release|Any CPU
		{09208976-076C-41A5-8738-6424D55995C2}.Release|x64.ActiveCfg = Release|Any CPU
		{09208976-076C-41A5-8738-6424D55995C2}.Release|x64.Build.0 = Release|Any CPU
		{09208976-076C-41A5-8738-6424D55995C2}.Release|x86.ActiveCfg = Release|Any CPU
		{09208976-076C-41A5-8738-6424D55995C2}.Release|x86.Build.0 = Release|Any CPU
	EndGlobalSection
	GlobalSection(SolutionProperties) = preSolution
		HideSolutionNode = FALSE
	EndGlobalSection
	GlobalSection(ExtensibilityGlobals) = postSolution
		SolutionGuid = {A89B55DF-3F59-4137-9B26-1C45A97E985A}
	EndGlobalSection
EndGlobal
